
Microsoft Visual Studio Solution File, Format Version 12.00
# Visual Studio Version 16
VisualStudioVersion = 16.0.30225.117
MinimumVisualStudioVersion = 10.0.40219.1
Project("{FAE04EC0-301F-11D3-BF4B-00C04F79EFBC}") = "TestApp", "TestApp\TestApp.csproj", "{72863DDD-9C43-4D53-A1CC-0B745E17AD59}"
EndProject
Global
	GlobalSection(SolutionConfigurationPlatforms) = preSolution
		Debug|Any CPU = Debug|Any CPU
		Release|Any CPU = Release|Any CPU
	EndGlobalSection
	GlobalSection(ProjectConfigurationPlatforms) = postSolution
		{72863DDD-9C43-4D53-A1CC-0B745E17AD59}.Debug|Any CPU.ActiveCfg = Debug|Any CPU
		{72863DDD-9C43-4D53-A1CC-0B745E17AD59}.Debug|Any CPU.Build.0 = Debug|Any CPU
		{72863DDD-9C43-4D53-A1CC-0B745E17AD59}.Release|Any CPU.ActiveCfg = Release|Any CPU
		{72863DDD-9C43-4D53-A1CC-0B745E17AD59}.Release|Any CPU.Build.0 = Release|Any CPU
	EndGlobalSection
	GlobalSection(SolutionProperties) = preSolution
		HideSolutionNode = FALSE
	EndGlobalSection
	GlobalSection(ExtensibilityGlobals) = postSolution
		SolutionGuid = {F65D71D3-B559-4683-A4C9-E0C565CE3822}
	EndGlobalSection
EndGlobal
